{
  "name": "libmio-frontend",
  "version": "1.0.0",
  "lockfileVersion": 2,
  "requires": true,
  "packages": {
    "": {
      "name": "libmio-frontend",
      "version": "1.0.0",
      "license": "ISC",
      "dependencies": {
        "libmio": "file:../libmio"
      }
    },
    "../libmio": {
      "version": "1.0.0",
      "license": "ISC"
    },
    "node_modules/libmio": {
      "resolved": "../libmio",
      "link": true
    }
  },
  "dependencies": {
    "libmio": {
      "version": "file:../libmio"
    }
  }
}
